
Microsoft Visual Studio Solution File, Format Version 12.00
# Visual Studio 15
Project("{FAE04EC0-301F-11D3-BF4B-00C04F79EFBC}") = "FeedbackApp.Android", "FeedbackApp.Android\FeedbackApp.Android.csproj", "{83552A21-9E1F-4EC1-9F97-59AEDB1F9B57}"
EndProject
Project("{FAE04EC0-301F-11D3-BF4B-00C04F79EFBC}") = "FeedbackApp.iOS", "FeedbackApp.iOS\FeedbackApp.iOS.csproj", "{3DB4450F-9A49-40C6-81D2-BBA9BF2F4357}"
EndProject
Project("{FAE04EC0-301F-11D3-BF4B-00C04F79EFBC}") = "FeedbackApp", "FeedbackApp\FeedbackApp.csproj", "{526DCEFE-E432-4A87-826F-C96C17025D7C}"
EndProject
Global
	GlobalSection(SolutionConfigurationPlatforms) = preSolution
		Debug|Any CPU = Debug|Any CPU
		Release|Any CPU = Release|Any CPU
		Debug|iPhoneSimulator = Debug|iPhoneSimulator
		Release|iPhoneSimulator = Release|iPhoneSimulator
		Debug|iPhone = Debug|iPhone
		Release|iPhone = Release|iPhone
	EndGlobalSection
	GlobalSection(ProjectConfigurationPlatforms) = postSolution
		{83552A21-9E1F-4EC1-9F97-59AEDB1F9B57}.Debug|Any CPU.ActiveCfg = Debug|Any CPU
		{83552A21-9E1F-4EC1-9F97-59AEDB1F9B57}.Debug|Any CPU.Build.0 = Debug|Any CPU
		{83552A21-9E1F-4EC1-9F97-59AEDB1F9B57}.Release|Any CPU.ActiveCfg = Release|Any CPU
		{83552A21-9E1F-4EC1-9F97-59AEDB1F9B57}.Release|Any CPU.Build.0 = Release|Any CPU
		{83552A21-9E1F-4EC1-9F97-59AEDB1F9B57}.Debug|iPhoneSimulator.ActiveCfg = Debug|Any CPU
		{83552A21-9E1F-4EC1-9F97-59AEDB1F9B57}.Debug|iPhoneSimulator.Build.0 = Debug|Any CPU
		{83552A21-9E1F-4EC1-9F97-59AEDB1F9B57}.Release|iPhoneSimulator.ActiveCfg = Release|Any CPU
		{83552A21-9E1F-4EC1-9F97-59AEDB1F9B57}.Release|iPhoneSimulator.Build.0 = Release|Any CPU
		{83552A21-9E1F-4EC1-9F97-59AEDB1F9B57}.Debug|iPhone.ActiveCfg = Debug|Any CPU
		{83552A21-9E1F-4EC1-9F97-59AEDB1F9B57}.Debug|iPhone.Build.0 = Debug|Any CPU
		{83552A21-9E1F-4EC1-9F97-59AEDB1F9B57}.Release|iPhone.ActiveCfg = Release|Any CPU
		{83552A21-9E1F-4EC1-9F97-59AEDB1F9B57}.Release|iPhone.Build.0 = Release|Any CPU
		{3DB4450F-9A49-40C6-81D2-BBA9BF2F4357}.Debug|Any CPU.ActiveCfg = Debug|iPhoneSimulator
		{3DB4450F-9A49-40C6-81D2-BBA9BF2F4357}.Debug|Any CPU.Build.0 = Debug|iPhoneSimulator
		{3DB4450F-9A49-40C6-81D2-BBA9BF2F4357}.Release|Any CPU.ActiveCfg = Release|iPhoneSimulator
		{3DB4450F-9A49-40C6-81D2-BBA9BF2F4357}.Release|Any CPU.Build.0 = Release|iPhoneSimulator
		{3DB4450F-9A49-40C6-81D2-BBA9BF2F4357}.Debug|iPhoneSimulator.ActiveCfg = Debug|iPhoneSimulator
		{3DB4450F-9A49-40C6-81D2-BBA9BF2F4357}.Debug|iPhoneSimulator.Build.0 = Debug|iPhoneSimulator
		{3DB4450F-9A49-40C6-81D2-BBA9BF2F4357}.Release|iPhoneSimulator.ActiveCfg = Release|iPhoneSimulator
		{3DB4450F-9A49-40C6-81D2-BBA9BF2F4357}.Release|iPhoneSimulator.Build.0 = Release|iPhoneSimulator
		{3DB4450F-9A49-40C6-81D2-BBA9BF2F4357}.Debug|iPhone.ActiveCfg = Debug|iPhone
		{3DB4450F-9A49-40C6-81D2-BBA9BF2F4357}.Debug|iPhone.Build.0 = Debug|iPhone
		{3DB4450F-9A49-40C6-81D2-BBA9BF2F4357}.Release|iPhone.ActiveCfg = Release|iPhone
		{3DB4450F-9A49-40C6-81D2-BBA9BF2F4357}.Release|iPhone.Build.0 = Release|iPhone
		{526DCEFE-E432-4A87-826F-C96C17025D7C}.Debug|Any CPU.ActiveCfg = Debug|Any CPU
		{526DCEFE-E432-4A87-826F-C96C17025D7C}.Debug|Any CPU.Build.0 = Debug|Any CPU
		{526DCEFE-E432-4A87-826F-C96C17025D7C}.Release|Any CPU.ActiveCfg = Release|Any CPU
		{526DCEFE-E432-4A87-826F-C96C17025D7C}.Release|Any CPU.Build.0 = Release|Any CPU
		{526DCEFE-E432-4A87-826F-C96C17025D7C}.Debug|iPhoneSimulator.ActiveCfg = Debug|Any CPU
		{526DCEFE-E432-4A87-826F-C96C17025D7C}.Debug|iPhoneSimulator.Build.0 = Debug|Any CPU
		{526DCEFE-E432-4A87-826F-C96C17025D7C}.Release|iPhoneSimulator.ActiveCfg = Release|Any CPU
		{526DCEFE-E432-4A87-826F-C96C17025D7C}.Release|iPhoneSimulator.Build.0 = Release|Any CPU
		{526DCEFE-E432-4A87-826F-C96C17025D7C}.Debug|iPhone.ActiveCfg = Debug|Any CPU
		{526DCEFE-E432-4A87-826F-C96C17025D7C}.Debug|iPhone.Build.0 = Debug|Any CPU
		{526DCEFE-E432-4A87-826F-C96C17025D7C}.Release|iPhone.ActiveCfg = Release|Any CPU
		{526DCEFE-E432-4A87-826F-C96C17025D7C}.Release|iPhone.Build.0 = Release|Any CPU
	EndGlobalSection
EndGlobal

